
Microsoft Visual Studio Solution File, Format Version 12.00
# Visual Studio Version 17
VisualStudioVersion = 17.7.34024.191
MinimumVisualStudioVersion = 10.0.40219.1
Project("{FAE04EC0-301F-11D3-BF4B-00C04F79EFBC}") = "MirjanaC.Domain", "MirjanaC.Core\MirjanaC.Domain.csproj", "{8E0E2F2A-8FD8-4070-B62A-72C31CB06D41}"
EndProject
Project("{FAE04EC0-301F-11D3-BF4B-00C04F79EFBC}") = "MirjanaC.Infrastructure", "MirjanaC.Application\MirjanaC.Infrastructure.csproj", "{69C96590-A782-4987-83BE-539E2F1EAFC6}"
EndProject
Project("{FAE04EC0-301F-11D3-BF4B-00C04F79EFBC}") = "MirjanaC.Application", "MrijanaC.Application\MirjanaC.Application.csproj", "{CBD1E40C-E250-4810-9A30-C36EE320E3A0}"
EndProject
Project("{FAE04EC0-301F-11D3-BF4B-00C04F79EFBC}") = "MirjanaC.Web", "MirjanaC.Web\MirjanaC.Web.csproj", "{65DEB5A3-E555-441E-9758-E3BC023BDD8E}"
EndProject
Global
	GlobalSection(SolutionConfigurationPlatforms) = preSolution
		Debug|Any CPU = Debug|Any CPU
		Release|Any CPU = Release|Any CPU
	EndGlobalSection
	GlobalSection(ProjectConfigurationPlatforms) = postSolution
		{8E0E2F2A-8FD8-4070-B62A-72C31CB06D41}.Debug|Any CPU.ActiveCfg = Debug|Any CPU
		{8E0E2F2A-8FD8-4070-B62A-72C31CB06D41}.Debug|Any CPU.Build.0 = Debug|Any CPU
		{8E0E2F2A-8FD8-4070-B62A-72C31CB06D41}.Release|Any CPU.ActiveCfg = Release|Any CPU
		{8E0E2F2A-8FD8-4070-B62A-72C31CB06D41}.Release|Any CPU.Build.0 = Release|Any CPU
		{69C96590-A782-4987-83BE-539E2F1EAFC6}.Debug|Any CPU.ActiveCfg = Debug|Any CPU
		{69C96590-A782-4987-83BE-539E2F1EAFC6}.Debug|Any CPU.Build.0 = Debug|Any CPU
		{69C96590-A782-4987-83BE-539E2F1EAFC6}.Release|Any CPU.ActiveCfg = Release|Any CPU
		{69C96590-A782-4987-83BE-539E2F1EAFC6}.Release|Any CPU.Build.0 = Release|Any CPU
		{CBD1E40C-E250-4810-9A30-C36EE320E3A0}.Debug|Any CPU.ActiveCfg = Debug|Any CPU
		{CBD1E40C-E250-4810-9A30-C36EE320E3A0}.Debug|Any CPU.Build.0 = Debug|Any CPU
		{CBD1E40C-E250-4810-9A30-C36EE320E3A0}.Release|Any CPU.ActiveCfg = Release|Any CPU
		{CBD1E40C-E250-4810-9A30-C36EE320E3A0}.Release|Any CPU.Build.0 = Release|Any CPU
		{65DEB5A3-E555-441E-9758-E3BC023BDD8E}.Debug|Any CPU.ActiveCfg = Debug|Any CPU
		{65DEB5A3-E555-441E-9758-E3BC023BDD8E}.Debug|Any CPU.Build.0 = Debug|Any CPU
		{65DEB5A3-E555-441E-9758-E3BC023BDD8E}.Release|Any CPU.ActiveCfg = Release|Any CPU
		{65DEB5A3-E555-441E-9758-E3BC023BDD8E}.Release|Any CPU.Build.0 = Release|Any CPU
	EndGlobalSection
	GlobalSection(SolutionProperties) = preSolution
		HideSolutionNode = FALSE
	EndGlobalSection
	GlobalSection(ExtensibilityGlobals) = postSolution
		SolutionGuid = {23702118-2805-4BA0-AD56-F58BA2C35E62}
	EndGlobalSection
EndGlobal
